
Microsoft Visual Studio Solution File, Format Version 12.00
# Visual Studio Version 17
VisualStudioVersion = 17.2.32630.192
MinimumVisualStudioVersion = 15.0.26124.0
Project("{2150E333-8FDC-42A3-9474-1A3956D46DE8}") = "src", "src", "{866D1FC0-D83C-4E8D-9E04-E90512AF025E}"
EndProject
Project("{9A19103F-16F7-4668-BE54-9A1E7A4F7556}") = "uServiceDemo.Api", "src\Api\uServiceDemo.Api.csproj", "{D1957FF5-4F0A-456D-AC75-CDBB353333E0}"
EndProject
Project("{2150E333-8FDC-42A3-9474-1A3956D46DE8}") = "test", "test", "{37F29B8B-A6B0-4C65-AC60-4B7FDDEA9224}"
EndProject
Project("{9A19103F-16F7-4668-BE54-9A1E7A4F7556}") = "uServiceDemo.Application", "src\Application\uServiceDemo.Application.csproj", "{8DF40542-658F-4F9B-861B-2C8ED8BBCCC7}"
EndProject
Project("{9A19103F-16F7-4668-BE54-9A1E7A4F7556}") = "uServiceDemo.Contracts", "src\Contracts\uServiceDemo.Contracts.csproj", "{D801A00F-A5E1-46D9-A1DD-AA1E6332FD66}"
EndProject
Project("{9A19103F-16F7-4668-BE54-9A1E7A4F7556}") = "uServiceDemo.Domain", "src\Domain\uServiceDemo.Domain.csproj", "{7562D605-158B-429A-A652-68787BDD0E37}"
EndProject
Project("{9A19103F-16F7-4668-BE54-9A1E7A4F7556}") = "uServiceDemo.Events", "src\Events\uServiceDemo.Events.csproj", "{DCDC0FF3-B98B-4B72-BEEB-4B1BF173C60C}"
EndProject
Project("{9A19103F-16F7-4668-BE54-9A1E7A4F7556}") = "uServiceDemo.Infrastructure", "src\Infrastructure\uServiceDemo.Infrastructure.csproj", "{12D7F450-024A-4318-8A4C-CF02A9C50A5A}"
EndProject
Project("{9A19103F-16F7-4668-BE54-9A1E7A4F7556}") = "uServiceDemo.Worker", "src\Worker\uServiceDemo.Worker.csproj", "{31ED25C5-A281-4BD5-8BAF-8E3445E05453}"
EndProject
Project("{9A19103F-16F7-4668-BE54-9A1E7A4F7556}") = "uServiceDemo.Application.Test", "test\Application\uServiceDemo.Application.Test.csproj", "{A01C99D9-8477-485E-BB47-6B50FFA30D95}"
EndProject
Project("{9A19103F-16F7-4668-BE54-9A1E7A4F7556}") = "uServiceDemo.Document", "src\Document\uServiceDemo.Document.csproj", "{B35DCE91-E870-4E51-A828-0CDBD2D6AF96}"
EndProject
Project("{FAE04EC0-301F-11D3-BF4B-00C04F79EFBC}") = "uServiceDemo.AppHost", "src\AppHost\uServiceDemo.AppHost.csproj", "{D8CA438A-4EED-198A-5933-5A626C4596AE}"
EndProject
Project("{FAE04EC0-301F-11D3-BF4B-00C04F79EFBC}") = "uServiceDemo.UI", "src\UI\uServiceDemo.UI.csproj", "{73A1E937-6BCE-4A39-86F6-6BB083C66F2B}"
EndProject
Global
	GlobalSection(SolutionConfigurationPlatforms) = preSolution
		Debug|Any CPU = Debug|Any CPU
		Debug|x64 = Debug|x64
		Debug|x86 = Debug|x86
		Release|Any CPU = Release|Any CPU
		Release|x64 = Release|x64
		Release|x86 = Release|x86
	EndGlobalSection
	GlobalSection(ProjectConfigurationPlatforms) = postSolution
		{D1957FF5-4F0A-456D-AC75-CDBB353333E0}.Debug|Any CPU.ActiveCfg = Debug|Any CPU
		{D1957FF5-4F0A-456D-AC75-CDBB353333E0}.Debug|Any CPU.Build.0 = Debug|Any CPU
		{D1957FF5-4F0A-456D-AC75-CDBB353333E0}.Debug|x64.ActiveCfg = Debug|Any CPU
		{D1957FF5-4F0A-456D-AC75-CDBB353333E0}.Debug|x64.Build.0 = Debug|Any CPU
		{D1957FF5-4F0A-456D-AC75-CDBB353333E0}.Debug|x86.ActiveCfg = Debug|Any CPU
		{D1957FF5-4F0A-456D-AC75-CDBB353333E0}.Debug|x86.Build.0 = Debug|Any CPU
		{D1957FF5-4F0A-456D-AC75-CDBB353333E0}.Release|Any CPU.ActiveCfg = Release|Any CPU
		{D1957FF5-4F0A-456D-AC75-CDBB353333E0}.Release|Any CPU.Build.0 = Release|Any CPU
		{D1957FF5-4F0A-456D-AC75-CDBB353333E0}.Release|x64.ActiveCfg = Release|Any CPU
		{D1957FF5-4F0A-456D-AC75-CDBB353333E0}.Release|x64.Build.0 = Release|Any CPU
		{D1957FF5-4F0A-456D-AC75-CDBB353333E0}.Release|x86.ActiveCfg = Release|Any CPU
		{D1957FF5-4F0A-456D-AC75-CDBB353333E0}.Release|x86.Build.0 = Release|Any CPU
		{8DF40542-658F-4F9B-861B-2C8ED8BBCCC7}.Debug|Any CPU.ActiveCfg = Debug|Any CPU
		{8DF40542-658F-4F9B-861B-2C8ED8BBCCC7}.Debug|Any CPU.Build.0 = Debug|Any CPU
		{8DF40542-658F-4F9B-861B-2C8ED8BBCCC7}.Debug|x64.ActiveCfg = Debug|Any CPU
		{8DF40542-658F-4F9B-861B-2C8ED8BBCCC7}.Debug|x64.Build.0 = Debug|Any CPU
		{8DF40542-658F-4F9B-861B-2C8ED8BBCCC7}.Debug|x86.ActiveCfg = Debug|Any CPU
		{8DF40542-658F-4F9B-861B-2C8ED8BBCCC7}.Debug|x86.Build.0 = Debug|Any CPU
		{8DF40542-658F-4F9B-861B-2C8ED8BBCCC7}.Release|Any CPU.ActiveCfg = Release|Any CPU
		{8DF40542-658F-4F9B-861B-2C8ED8BBCCC7}.Release|Any CPU.Build.0 = Release|Any CPU
		{8DF40542-658F-4F9B-861B-2C8ED8BBCCC7}.Release|x64.ActiveCfg = Release|Any CPU
		{8DF40542-658F-4F9B-861B-2C8ED8BBCCC7}.Release|x64.Build.0 = Release|Any CPU
		{8DF40542-658F-4F9B-861B-2C8ED8BBCCC7}.Release|x86.ActiveCfg = Release|Any CPU
		{8DF40542-658F-4F9B-861B-2C8ED8BBCCC7}.Release|x86.Build.0 = Release|Any CPU
		{D801A00F-A5E1-46D9-A1DD-AA1E6332FD66}.Debug|Any CPU.ActiveCfg = Debug|Any CPU
		{D801A00F-A5E1-46D9-A1DD-AA1E6332FD66}.Debug|Any CPU.Build.0 = Debug|Any CPU
		{D801A00F-A5E1-46D9-A1DD-AA1E6332FD66}.Debug|x64.ActiveCfg = Debug|Any CPU
		{D801A00F-A5E1-46D9-A1DD-AA1E6332FD66}.Debug|x64.Build.0 = Debug|Any CPU
		{D801A00F-A5E1-46D9-A1DD-AA1E6332FD66}.Debug|x86.ActiveCfg = Debug|Any CPU
		{D801A00F-A5E1-46D9-A1DD-AA1E6332FD66}.Debug|x86.Build.0 = Debug|Any CPU
		{D801A00F-A5E1-46D9-A1DD-AA1E6332FD66}.Release|Any CPU.ActiveCfg = Release|Any CPU
		{D801A00F-A5E1-46D9-A1DD-AA1E6332FD66}.Release|Any CPU.Build.0 = Release|Any CPU
		{D801A00F-A5E1-46D9-A1DD-AA1E6332FD66}.Release|x64.ActiveCfg = Release|Any CPU
		{D801A00F-A5E1-46D9-A1DD-AA1E6332FD66}.Release|x64.Build.0 = Release|Any CPU
		{D801A00F-A5E1-46D9-A1DD-AA1E6332FD66}.Release|x86.ActiveCfg = Release|Any CPU
		{D801A00F-A5E1-46D9-A1DD-AA1E6332FD66}.Release|x86.Build.0 = Release|Any CPU
		{7562D605-158B-429A-A652-68787BDD0E37}.Debug|Any CPU.ActiveCfg = Debug|Any CPU
		{7562D605-158B-429A-A652-68787BDD0E37}.Debug|Any CPU.Build.0 = Debug|Any CPU
		{7562D605-158B-429A-A652-68787BDD0E37}.Debug|x64.ActiveCfg = Debug|Any CPU
		{7562D605-158B-429A-A652-68787BDD0E37}.Debug|x64.Build.0 = Debug|Any CPU
		{7562D605-158B-429A-A652-68787BDD0E37}.Debug|x86.ActiveCfg = Debug|Any CPU
		{7562D605-158B-429A-A652-68787BDD0E37}.Debug|x86.Build.0 = Debug|Any CPU
		{7562D605-158B-429A-A652-68787BDD0E37}.Release|Any CPU.ActiveCfg = Release|Any CPU
		{7562D605-158B-429A-A652-68787BDD0E37}.Release|Any CPU.Build.0 = Release|Any CPU
		{7562D605-158B-429A-A652-68787BDD0E37}.Release|x64.ActiveCfg = Release|Any CPU
		{7562D605-158B-429A-A652-68787BDD0E37}.Release|x64.Build.0 = Release|Any CPU
		{7562D605-158B-429A-A652-68787BDD0E37}.Release|x86.ActiveCfg = Release|Any CPU
		{7562D605-158B-429A-A652-68787BDD0E37}.Release|x86.Build.0 = Release|Any CPU
		{DCDC0FF3-B98B-4B72-BEEB-4B1BF173C60C}.Debug|Any CPU.ActiveCfg = Debug|Any CPU
		{DCDC0FF3-B98B-4B72-BEEB-4B1BF173C60C}.Debug|Any CPU.Build.0 = Debug|Any CPU
		{DCDC0FF3-B98B-4B72-BEEB-4B1BF173C60C}.Debug|x64.ActiveCfg = Debug|Any CPU
		{DCDC0FF3-B98B-4B72-BEEB-4B1BF173C60C}.Debug|x64.Build.0 = Debug|Any CPU
		{DCDC0FF3-B98B-4B72-BEEB-4B1BF173C60C}.Debug|x86.ActiveCfg = Debug|Any CPU
		{DCDC0FF3-B98B-4B72-BEEB-4B1BF173C60C}.Debug|x86.Build.0 = Debug|Any CPU
		{DCDC0FF3-B98B-4B72-BEEB-4B1BF173C60C}.Release|Any CPU.ActiveCfg = Release|Any CPU
		{DCDC0FF3-B98B-4B72-BEEB-4B1BF173C60C}.Release|Any CPU.Build.0 = Release|Any CPU
		{DCDC0FF3-B98B-4B72-BEEB-4B1BF173C60C}.Release|x64.ActiveCfg = Release|Any CPU
		{DCDC0FF3-B98B-4B72-BEEB-4B1BF173C60C}.Release|x64.Build.0 = Release|Any CPU
		{DCDC0FF3-B98B-4B72-BEEB-4B1BF173C60C}.Release|x86.ActiveCfg = Release|Any CPU
		{DCDC0FF3-B98B-4B72-BEEB-4B1BF173C60C}.Release|x86.Build.0 = Release|Any CPU
		{12D7F450-024A-4318-8A4C-CF02A9C50A5A}.Debug|Any CPU.ActiveCfg = Debug|Any CPU
		{12D7F450-024A-4318-8A4C-CF02A9C50A5A}.Debug|Any CPU.Build.0 = Debug|Any CPU
		{12D7F450-024A-4318-8A4C-CF02A9C50A5A}.Debug|x64.ActiveCfg = Debug|Any CPU
		{12D7F450-024A-4318-8A4C-CF02A9C50A5A}.Debug|x64.Build.0 = Debug|Any CPU
		{12D7F450-024A-4318-8A4C-CF02A9C50A5A}.Debug|x86.ActiveCfg = Debug|Any CPU
		{12D7F450-024A-4318-8A4C-CF02A9C50A5A}.Debug|x86.Build.0 = Debug|Any CPU
		{12D7F450-024A-4318-8A4C-CF02A9C50A5A}.Release|Any CPU.ActiveCfg = Release|Any CPU
		{12D7F450-024A-4318-8A4C-CF02A9C50A5A}.Release|Any CPU.Build.0 = Release|Any CPU
		{12D7F450-024A-4318-8A4C-CF02A9C50A5A}.Release|x64.ActiveCfg = Release|Any CPU
		{12D7F450-024A-4318-8A4C-CF02A9C50A5A}.Release|x64.Build.0 = Release|Any CPU
		{12D7F450-024A-4318-8A4C-CF02A9C50A5A}.Release|x86.ActiveCfg = Release|Any CPU
		{12D7F450-024A-4318-8A4C-CF02A9C50A5A}.Release|x86.Build.0 = Release|Any CPU
		{31ED25C5-A281-4BD5-8BAF-8E3445E05453}.Debug|Any CPU.ActiveCfg = Debug|Any CPU
		{31ED25C5-A281-4BD5-8BAF-8E3445E05453}.Debug|Any CPU.Build.0 = Debug|Any CPU
		{31ED25C5-A281-4BD5-8BAF-8E3445E05453}.Debug|x64.ActiveCfg = Debug|Any CPU
		{31ED25C5-A281-4BD5-8BAF-8E3445E05453}.Debug|x64.Build.0 = Debug|Any CPU
		{31ED25C5-A281-4BD5-8BAF-8E3445E05453}.Debug|x86.ActiveCfg = Debug|Any CPU
		{31ED25C5-A281-4BD5-8BAF-8E3445E05453}.Debug|x86.Build.0 = Debug|Any CPU
		{31ED25C5-A281-4BD5-8BAF-8E3445E05453}.Release|Any CPU.ActiveCfg = Release|Any CPU
		{31ED25C5-A281-4BD5-8BAF-8E3445E05453}.Release|Any CPU.Build.0 = Release|Any CPU
		{31ED25C5-A281-4BD5-8BAF-8E3445E05453}.Release|x64.ActiveCfg = Release|Any CPU
		{31ED25C5-A281-4BD5-8BAF-8E3445E05453}.Release|x64.Build.0 = Release|Any CPU
		{31ED25C5-A281-4BD5-8BAF-8E3445E05453}.Release|x86.ActiveCfg = Release|Any CPU
		{31ED25C5-A281-4BD5-8BAF-8E3445E05453}.Release|x86.Build.0 = Release|Any CPU
		{A01C99D9-8477-485E-BB47-6B50FFA30D95}.Debug|Any CPU.ActiveCfg = Debug|Any CPU
		{A01C99D9-8477-485E-BB47-6B50FFA30D95}.Debug|Any CPU.Build.0 = Debug|Any CPU
		{A01C99D9-8477-485E-BB47-6B50FFA30D95}.Debug|x64.ActiveCfg = Debug|Any CPU
		{A01C99D9-8477-485E-BB47-6B50FFA30D95}.Debug|x64.Build.0 = Debug|Any CPU
		{A01C99D9-8477-485E-BB47-6B50FFA30D95}.Debug|x86.ActiveCfg = Debug|Any CPU
		{A01C99D9-8477-485E-BB47-6B50FFA30D95}.Debug|x86.Build.0 = Debug|Any CPU
		{A01C99D9-8477-485E-BB47-6B50FFA30D95}.Release|Any CPU.ActiveCfg = Release|Any CPU
		{A01C99D9-8477-485E-BB47-6B50FFA30D95}.Release|Any CPU.Build.0 = Release|Any CPU
		{A01C99D9-8477-485E-BB47-6B50FFA30D95}.Release|x64.ActiveCfg = Release|Any CPU
		{A01C99D9-8477-485E-BB47-6B50FFA30D95}.Release|x64.Build.0 = Release|Any CPU
		{A01C99D9-8477-485E-BB47-6B50FFA30D95}.Release|x86.ActiveCfg = Release|Any CPU
		{A01C99D9-8477-485E-BB47-6B50FFA30D95}.Release|x86.Build.0 = Release|Any CPU
		{B35DCE91-E870-4E51-A828-0CDBD2D6AF96}.Debug|Any CPU.ActiveCfg = Debug|Any CPU
		{B35DCE91-E870-4E51-A828-0CDBD2D6AF96}.Debug|Any CPU.Build.0 = Debug|Any CPU
		{B35DCE91-E870-4E51-A828-0CDBD2D6AF96}.Debug|x64.ActiveCfg = Debug|Any CPU
		{B35DCE91-E870-4E51-A828-0CDBD2D6AF96}.Debug|x64.Build.0 = Debug|Any CPU
		{B35DCE91-E870-4E51-A828-0CDBD2D6AF96}.Debug|x86.ActiveCfg = Debug|Any CPU
		{B35DCE91-E870-4E51-A828-0CDBD2D6AF96}.Debug|x86.Build.0 = Debug|Any CPU
		{B35DCE91-E870-4E51-A828-0CDBD2D6AF96}.Release|Any CPU.ActiveCfg = Release|Any CPU
		{B35DCE91-E870-4E51-A828-0CDBD2D6AF96}.Release|Any CPU.Build.0 = Release|Any CPU
		{B35DCE91-E870-4E51-A828-0CDBD2D6AF96}.Release|x64.ActiveCfg = Release|Any CPU
		{B35DCE91-E870-4E51-A828-0CDBD2D6AF96}.Release|x64.Build.0 = Release|Any CPU
		{B35DCE91-E870-4E51-A828-0CDBD2D6AF96}.Release|x86.ActiveCfg = Release|Any CPU
		{B35DCE91-E870-4E51-A828-0CDBD2D6AF96}.Release|x86.Build.0 = Release|Any CPU
		{D8CA438A-4EED-198A-5933-5A626C4596AE}.Debug|Any CPU.ActiveCfg = Debug|Any CPU
		{D8CA438A-4EED-198A-5933-5A626C4596AE}.Debug|Any CPU.Build.0 = Debug|Any CPU
		{D8CA438A-4EED-198A-5933-5A626C4596AE}.Debug|x64.ActiveCfg = Debug|Any CPU
		{D8CA438A-4EED-198A-5933-5A626C4596AE}.Debug|x64.Build.0 = Debug|Any CPU
		{D8CA438A-4EED-198A-5933-5A626C4596AE}.Debug|x86.ActiveCfg = Debug|Any CPU
		{D8CA438A-4EED-198A-5933-5A626C4596AE}.Debug|x86.Build.0 = Debug|Any CPU
		{D8CA438A-4EED-198A-5933-5A626C4596AE}.Release|Any CPU.ActiveCfg = Release|Any CPU
		{D8CA438A-4EED-198A-5933-5A626C4596AE}.Release|Any CPU.Build.0 = Release|Any CPU
		{D8CA438A-4EED-198A-5933-5A626C4596AE}.Release|x64.ActiveCfg = Release|Any CPU
		{D8CA438A-4EED-198A-5933-5A626C4596AE}.Release|x64.Build.0 = Release|Any CPU
		{D8CA438A-4EED-198A-5933-5A626C4596AE}.Release|x86.ActiveCfg = Release|Any CPU
		{D8CA438A-4EED-198A-5933-5A626C4596AE}.Release|x86.Build.0 = Release|Any CPU
		{73A1E937-6BCE-4A39-86F6-6BB083C66F2B}.Debug|Any CPU.ActiveCfg = Debug|Any CPU
		{73A1E937-6BCE-4A39-86F6-6BB083C66F2B}.Debug|Any CPU.Build.0 = Debug|Any CPU
		{73A1E937-6BCE-4A39-86F6-6BB083C66F2B}.Debug|x64.ActiveCfg = Debug|Any CPU
		{73A1E937-6BCE-4A39-86F6-6BB083C66F2B}.Debug|x64.Build.0 = Debug|Any CPU
		{73A1E937-6BCE-4A39-86F6-6BB083C66F2B}.Debug|x86.ActiveCfg = Debug|Any CPU
		{73A1E937-6BCE-4A39-86F6-6BB083C66F2B}.Debug|x86.Build.0 = Debug|Any CPU
		{73A1E937-6BCE-4A39-86F6-6BB083C66F2B}.Release|Any CPU.ActiveCfg = Release|Any CPU
		{73A1E937-6BCE-4A39-86F6-6BB083C66F2B}.Release|Any CPU.Build.0 = Release|Any CPU
		{73A1E937-6BCE-4A39-86F6-6BB083C66F2B}.Release|x64.ActiveCfg = Release|Any CPU
		{73A1E937-6BCE-4A39-86F6-6BB083C66F2B}.Release|x64.Build.0 = Release|Any CPU
		{73A1E937-6BCE-4A39-86F6-6BB083C66F2B}.Release|x86.ActiveCfg = Release|Any CPU
		{73A1E937-6BCE-4A39-86F6-6BB083C66F2B}.Release|x86.Build.0 = Release|Any CPU
	EndGlobalSection
	GlobalSection(SolutionProperties) = preSolution
		HideSolutionNode = FALSE
	EndGlobalSection
	GlobalSection(NestedProjects) = preSolution
		{D1957FF5-4F0A-456D-AC75-CDBB353333E0} = {866D1FC0-D83C-4E8D-9E04-E90512AF025E}
		{8DF40542-658F-4F9B-861B-2C8ED8BBCCC7} = {866D1FC0-D83C-4E8D-9E04-E90512AF025E}
		{D801A00F-A5E1-46D9-A1DD-AA1E6332FD66} = {866D1FC0-D83C-4E8D-9E04-E90512AF025E}
		{7562D605-158B-429A-A652-68787BDD0E37} = {866D1FC0-D83C-4E8D-9E04-E90512AF025E}
		{DCDC0FF3-B98B-4B72-BEEB-4B1BF173C60C} = {866D1FC0-D83C-4E8D-9E04-E90512AF025E}
		{12D7F450-024A-4318-8A4C-CF02A9C50A5A} = {866D1FC0-D83C-4E8D-9E04-E90512AF025E}
		{31ED25C5-A281-4BD5-8BAF-8E3445E05453} = {866D1FC0-D83C-4E8D-9E04-E90512AF025E}
		{A01C99D9-8477-485E-BB47-6B50FFA30D95} = {37F29B8B-A6B0-4C65-AC60-4B7FDDEA9224}
		{B35DCE91-E870-4E51-A828-0CDBD2D6AF96} = {866D1FC0-D83C-4E8D-9E04-E90512AF025E}
		{D8CA438A-4EED-198A-5933-5A626C4596AE} = {866D1FC0-D83C-4E8D-9E04-E90512AF025E}
		{73A1E937-6BCE-4A39-86F6-6BB083C66F2B} = {866D1FC0-D83C-4E8D-9E04-E90512AF025E}
	EndGlobalSection
	GlobalSection(ExtensibilityGlobals) = postSolution
		SolutionGuid = {AD92C648-DAFE-406D-9246-AA85711686F3}
	EndGlobalSection
EndGlobal
